
Microsoft Visual Studio Solution File, Format Version 12.00
Project("{FAE04EC0-301F-11D3-BF4B-00C04F79EFBC}") = "Submenus", "Submenus\Submenus.csproj", "{C9B97ADE-FA07-4CA4-A3C4-81E82BBB70FF}"
EndProject
Global
	GlobalSection(SolutionConfigurationPlatforms) = preSolution
		Debug|Any CPU = Debug|Any CPU
		Release|Any CPU = Release|Any CPU
	EndGlobalSection
	GlobalSection(ProjectConfigurationPlatforms) = postSolution
		{C9B97ADE-FA07-4CA4-A3C4-81E82BBB70FF}.Debug|Any CPU.ActiveCfg = Debug|Any CPU
		{C9B97ADE-FA07-4CA4-A3C4-81E82BBB70FF}.Debug|Any CPU.Build.0 = Debug|Any CPU
		{C9B97ADE-FA07-4CA4-A3C4-81E82BBB70FF}.Release|Any CPU.ActiveCfg = Release|Any CPU
		{C9B97ADE-FA07-4CA4-A3C4-81E82BBB70FF}.Release|Any CPU.Build.0 = Release|Any CPU
	EndGlobalSection
EndGlobal
